{
  "lockfileVersion": 1,
  "configVersion": 1,
  "workspaces": {
    "": {
      "name": "loom",
      "dependencies": {
        "fallow": "^2.102.0",
      },
    },
  },
  "packages": {
    "@fallow-cli/darwin-arm64": ["@fallow-cli/darwin-arm64@2.102.0", "", { "os": "darwin", "cpu": "arm64" }, "sha512-B8wzfzJgoX6h5Gv2xQ9ZidO5Jb8/PWdssAxYbWs1pb5oJHZ6S5PLwXuUdINmNSIaRGQwTk4DC9/tIMFHFvd9uw=="],

    "@fallow-cli/darwin-x64": ["@fallow-cli/darwin-x64@2.102.0", "", { "os": "darwin", "cpu": "x64" }, "sha512-aLbTWWzQnleKdi56obAPXMJm7YA3qAnkIX9T3eocRHiagYqp8nsf4cslM0rZKvu2WwK34NaBm8x886gl4cl+zg=="],

    "@fallow-cli/linux-arm64-gnu": ["@fallow-cli/linux-arm64-gnu@2.102.0", "", { "os": "linux", "cpu": "arm64" }, "sha512-8nYeOSLSewqcKH/KUcKZaCq5QII5VTRX62l60B6UM1iKe/0jcmlQ2mOtx4rkHpeq3LL5emvT/ph4NNgGmWKSBg=="],

    "@fallow-cli/linux-arm64-musl": ["@fallow-cli/linux-arm64-musl@2.102.0", "", { "os": "linux", "cpu": "arm64" }, "sha512-2Zi33PXzZxD7HU5sPVwyElZGP7zyEdGo4hK0ewy6gMYgQ9BDfLnFhgaSSOzN1J4paIhYtBmVsLmqakyDKy22Jw=="],

    "@fallow-cli/linux-x64-gnu": ["@fallow-cli/linux-x64-gnu@2.102.0", "", { "os": "linux", "cpu": "x64" }, "sha512-7Hys4X6hKuR/lqUaGXwezRzDrwXwu9KfahUy85WTuiG1to+ZbzDCqdbZ04LtnI8kK8ufrPDcq+ZXdyt5ksOJHA=="],

    "@fallow-cli/linux-x64-musl": ["@fallow-cli/linux-x64-musl@2.102.0", "", { "os": "linux", "cpu": "x64" }, "sha512-RuDY1jOEPgJOuHBgEpHVl6J7Xf2QLFklnNy6zO1nw8R1fLgWUAAKlFirn1Y93pb9bXzqpn5Gre3YlhgIZ3+LBA=="],

    "@fallow-cli/win32-arm64-msvc": ["@fallow-cli/win32-arm64-msvc@2.102.0", "", { "os": "win32", "cpu": "arm64" }, "sha512-wsvHjLzWFvsYmCqnQLm1doSEHb9Z038+sFp1RzMcffPUBC5tqS3vCr8J8nolcLlPk7o3QWHQMXAqb1xSJe+doA=="],

    "@fallow-cli/win32-x64-msvc": ["@fallow-cli/win32-x64-msvc@2.102.0", "", { "os": "win32", "cpu": "x64" }, "sha512-rH1hd0PD0mm6pCxh1pw5jubpJsvV6f5rjixMoD5AZLzWa6NPJBpPPuzruLGtH/9CYy8B0y7zPrGGTKRO2PCGzg=="],

    "detect-libc": ["detect-libc@2.1.2", "", {}, "sha512-Btj2BOOO83o3WyH59e8MgXsxEQVcarkUOpEYrubB0urwnN10yQ364rsiByU11nZlqWYZm05i/of7io4mzihBtQ=="],

    "fallow": ["fallow@2.102.0", "", { "dependencies": { "detect-libc": "2.1.2" }, "optionalDependencies": { "@fallow-cli/darwin-arm64": "2.102.0", "@fallow-cli/darwin-x64": "2.102.0", "@fallow-cli/linux-arm64-gnu": "2.102.0", "@fallow-cli/linux-arm64-musl": "2.102.0", "@fallow-cli/linux-x64-gnu": "2.102.0", "@fallow-cli/linux-x64-musl": "2.102.0", "@fallow-cli/win32-arm64-msvc": "2.102.0", "@fallow-cli/win32-x64-msvc": "2.102.0" }, "bin": { "fallow": "bin/fallow", "fallow-lsp": "bin/fallow-lsp", "fallow-mcp": "bin/fallow-mcp" } }, "sha512-bkOT58kPVCB12d2apQjIKBw/qSdsGRPQFrN5ff9Yl5WzXRqlDTbT/MVdMXld4sJD5JQW1ftw2bTxJWCINggh6g=="],
  }
}
